
Microsoft Visual Studio Solution File, Format Version 12.00
# Visual Studio Version 17
VisualStudioVersion = 17.1.32421.90
MinimumVisualStudioVersion = 10.0.40219.1
Project("{9A19103F-16F7-4668-BE54-9A1E7A4F7556}") = "CBH-Ultimate-Theme-Library", "CBH-Ultimate-Theme-Library\CBH-Ultimate-Theme-Library.csproj", "{9C5E98D3-671D-41D9-9B6D-BE9EFFB64F0B}"
EndProject
Project("{FAE04EC0-301F-11D3-BF4B-00C04F79EFBC}") = "CBH-Ultimate-Theme-Library-NET-Framework", "CBH-Ultimate-Theme-Library-NET-Framework\CBH-Ultimate-Theme-Library-NET-Framework.csproj", "{C3D7B16C-C047-4BAA-884F-7A2308619C33}"
EndProject
Global
	GlobalSection(SolutionConfigurationPlatforms) = preSolution
		Debug|Any CPU = Debug|Any CPU
		Release|Any CPU = Release|Any CPU
	EndGlobalSection
	GlobalSection(ProjectConfigurationPlatforms) = postSolution
		{9C5E98D3-671D-41D9-9B6D-BE9EFFB64F0B}.Debug|Any CPU.ActiveCfg = Debug|Any CPU
		{9C5E98D3-671D-41D9-9B6D-BE9EFFB64F0B}.Debug|Any CPU.Build.0 = Debug|Any CPU
		{9C5E98D3-671D-41D9-9B6D-BE9EFFB64F0B}.Release|Any CPU.ActiveCfg = Release|Any CPU
		{9C5E98D3-671D-41D9-9B6D-BE9EFFB64F0B}.Release|Any CPU.Build.0 = Release|Any CPU
		{C3D7B16C-C047-4BAA-884F-7A2308619C33}.Debug|Any CPU.ActiveCfg = Debug|Any CPU
		{C3D7B16C-C047-4BAA-884F-7A2308619C33}.Debug|Any CPU.Build.0 = Debug|Any CPU
		{C3D7B16C-C047-4BAA-884F-7A2308619C33}.Release|Any CPU.ActiveCfg = Release|Any CPU
		{C3D7B16C-C047-4BAA-884F-7A2308619C33}.Release|Any CPU.Build.0 = Release|Any CPU
	EndGlobalSection
	GlobalSection(SolutionProperties) = preSolution
		HideSolutionNode = FALSE
	EndGlobalSection
	GlobalSection(ExtensibilityGlobals) = postSolution
		SolutionGuid = {63F7CCE8-E588-4ED3-82E5-3ED736918A9B}
	EndGlobalSection
EndGlobal
